
Microsoft Visual Studio Solution File, Format Version 12.00
# Visual Studio Version 16
VisualStudioVersion = 16.0.32428.217
MinimumVisualStudioVersion = 10.0.40219.1
Project("{FAE04EC0-301F-11D3-BF4B-00C04F79EFBC}") = "EasyDeluxeMenus", "EasyDeluxeMenus.csproj", "{3973D09C-DDE2-4113-AC0C-5934AAC22E49}"
EndProject
Global
	GlobalSection(SolutionConfigurationPlatforms) = preSolution
		Debug|Any CPU = Debug|Any CPU
		Release|Any CPU = Release|Any CPU
	EndGlobalSection
	GlobalSection(ProjectConfigurationPlatforms) = postSolution
		{3973D09C-DDE2-4113-AC0C-5934AAC22E49}.Debug|Any CPU.ActiveCfg = Debug|Any CPU
		{3973D09C-DDE2-4113-AC0C-5934AAC22E49}.Debug|Any CPU.Build.0 = Debug|Any CPU
		{3973D09C-DDE2-4113-AC0C-5934AAC22E49}.Release|Any CPU.ActiveCfg = Release|Any CPU
		{3973D09C-DDE2-4113-AC0C-5934AAC22E49}.Release|Any CPU.Build.0 = Release|Any CPU
	EndGlobalSection
	GlobalSection(SolutionProperties) = preSolution
		HideSolutionNode = FALSE
	EndGlobalSection
	GlobalSection(ExtensibilityGlobals) = postSolution
		SolutionGuid = {3E02E14B-2DBF-4B1B-8ADF-5DDB9615BC78}
	EndGlobalSection
EndGlobal
